
Microsoft Visual Studio Solution File, Format Version 12.00
# Visual Studio Version 16
VisualStudioVersion = 16.0.32901.82
MinimumVisualStudioVersion = 10.0.40219.1
Project("{FAE04EC0-301F-11D3-BF4B-00C04F79EFBC}") = "DressManagement.API", "DressManagement.API\DressManagement.API.csproj", "{090BCA24-9720-4DA5-81D0-C5B8BBB56BDC}"
EndProject
Global
	GlobalSection(SolutionConfigurationPlatforms) = preSolution
		Debug|Any CPU = Debug|Any CPU
		Release|Any CPU = Release|Any CPU
	EndGlobalSection
	GlobalSection(ProjectConfigurationPlatforms) = postSolution
		{090BCA24-9720-4DA5-81D0-C5B8BBB56BDC}.Debug|Any CPU.ActiveCfg = Debug|Any CPU
		{090BCA24-9720-4DA5-81D0-C5B8BBB56BDC}.Debug|Any CPU.Build.0 = Debug|Any CPU
		{090BCA24-9720-4DA5-81D0-C5B8BBB56BDC}.Release|Any CPU.ActiveCfg = Release|Any CPU
		{090BCA24-9720-4DA5-81D0-C5B8BBB56BDC}.Release|Any CPU.Build.0 = Release|Any CPU
	EndGlobalSection
	GlobalSection(SolutionProperties) = preSolution
		HideSolutionNode = FALSE
	EndGlobalSection
	GlobalSection(ExtensibilityGlobals) = postSolution
		SolutionGuid = {485E2E49-10AA-4439-BC75-ED48E4A0A940}
	EndGlobalSection
EndGlobal
